{
  "nodes": {
    "flake": {
      "inputs": {
        "nixpkgs": "nixpkgs"
      },
      "locked": {
        "lastModified": 1786365465,
        "narHash": "sha256-IhWRyUOvcKX00vhTUJ5kneY/m/NIMNBel3iIDkcnuX0=",
        "owner": "fenhl",
        "repo": "flake",
        "rev": "4a0b4108c60f205376f191564216afbe28ad4d88",
        "type": "github"
      },
      "original": {
        "owner": "fenhl",
        "repo": "flake",
        "type": "github"
      }
    },
    "nixpkgs": {
      "locked": {
        "lastModified": 1786201459,
        "narHash": "sha256-CiOTEjmwAmG2AWnaIno9YaCJJmpca2FXPhMAsnrolCg=",
        "rev": "8b8c811c7c2541c30382c5de7ed26be055569c60",
        "revCount": 1011564,
        "type": "tarball",
        "url": "https://api.flakehub.com/f/pinned/NixOS/nixpkgs/0.2605.1011564%2Brev-8b8c811c7c2541c30382c5de7ed26be055569c60/019fea42-1537-7581-a27d-c8814104ab2e/source.tar.gz"
      },
      "original": {
        "type": "tarball",
        "url": "https://flakehub.com/f/NixOS/nixpkgs/%2A.tar.gz"
      }
    },
    "root": {
      "inputs": {
        "flake": "flake"
      }
    }
  },
  "root": "root",
  "version": 7
}
