{
  "nodes": {
    "nixpkgs": {
      "locked": {
        "lastModified": 1774799055,
        "narHash": "sha256-Tsq9BCz0q47ej1uFF39m4tuhcwru/ls6vCCJzutEpaw=",
        "rev": "107cba9eb4a8d8c9f8e9e61266d78d340867913a",
        "revCount": 910179,
        "type": "tarball",
        "url": "https://api.flakehub.com/f/pinned/NixOS/nixpkgs/0.2511.910179%2Brev-107cba9eb4a8d8c9f8e9e61266d78d340867913a/019d427e-213b-7e62-8a76-08115818fb82/source.tar.gz"
      },
      "original": {
        "type": "tarball",
        "url": "https://flakehub.com/f/NixOS/nixpkgs/%2A.tar.gz"
      }
    },
    "root": {
      "inputs": {
        "nixpkgs": "nixpkgs"
      }
    }
  },
  "root": "root",
  "version": 7
}
